// !$*UTF8*$!
{
	archiveVersion = 1;
	classes = {
	};
	objectVersion = 56;
	objects = {

/* Begin PBXBuildFile section */
		7A163F332A7D6F3E009939C9 /* AppDelegate.swift in Sources */ = {isa = PBXBuildFile; fileRef = 7A163F322A7D6F3E009939C9 /* AppDelegate.swift */; };
		7A163F352A7D6F3E009939C9 /* SceneDelegate.swift in Sources */ = {isa = PBXBuildFile; fileRef = 7A163F342A7D6F3E009939C9 /* SceneDelegate.swift */; };
		7A163F372A7D6F3E009939C9 /* ViewController.swift in Sources */ = {isa = PBXBuildFile; fileRef = 7A163F362A7D6F3E009939C9 /* ViewController.swift */; };
		7A163F3C2A7D6F3F009939C9 /* Assets.xcassets in Resources */ = {isa = PBXBuildFile; fileRef = 7A163F3B2A7D6F3F009939C9 /* Assets.xcassets */; };
		7A163F3F2A7D6F3F009939C9 /* LaunchScreen.storyboard in Resources */ = {isa = PBXBuildFile; fileRef = 7A163F3D2A7D6F3F009939C9 /* LaunchScreen.storyboard */; };
		7A163F4A2A7D6F3F009939C9 /* _0230803_DS_NYCSchoolsTests.swift in Sources */ = {isa = PBXBuildFile; fileRef = 7A163F492A7D6F3F009939C9 /* _0230803_DS_NYCSchoolsTests.swift */; };
		7A163F542A7D6F3F009939C9 /* _0230803_DS_NYCSchoolsUITests.swift in Sources */ = {isa = PBXBuildFile; fileRef = 7A163F532A7D6F3F009939C9 /* _0230803_DS_NYCSchoolsUITests.swift */; };
		7A163F562A7D6F3F009939C9 /* _0230803_DS_NYCSchoolsUITestsLaunchTests.swift in Sources */ = {isa = PBXBuildFile; fileRef = 7A163F552A7D6F3F009939C9 /* _0230803_DS_NYCSchoolsUITestsLaunchTests.swift */; };
/* End PBXBuildFile section */

/* Begin PBXContainerItemProxy section */
		7A163F462A7D6F3F009939C9 /* PBXContainerItemProxy */ = {
			isa = PBXContainerItemProxy;
			containerPortal = 7A163F272A7D6F3E009939C9 /* Project object */;
			proxyType = 1;
			remoteGlobalIDString = 7A163F2E2A7D6F3E009939C9;
			remoteInfo = "20230803-DS-NYCSchools";
		};
		7A163F502A7D6F3F009939C9 /* PBXContainerItemProxy */ = {
			isa = PBXContainerItemProxy;
			containerPortal = 7A163F272A7D6F3E009939C9 /* Project object */;
			proxyType = 1;
			remoteGlobalIDString = 7A163F2E2A7D6F3E009939C9;
			remoteInfo = "20230803-DS-NYCSchools";
		};
/* End PBXContainerItemProxy section */

/* Begin PBXFileReference section */
		7A163F2F2A7D6F3E009939C9 /* 20230803-DS-NYCSchools.app */ = {isa = PBXFileReference; explicitFileType = wrapper.application; includeInIndex = 0; path = "20230803-DS-NYCSchools.app"; sourceTree = BUILT_PRODUCTS_DIR; };
		7A163F322A7D6F3E009939C9 /* AppDelegate.swift */ = {isa = PBXFileReference; lastKnownFileType = sourcecode.swift; path = AppDelegate.swift; sourceTree = "<group>"; };
		7A163F342A7D6F3E009939C9 /* SceneDelegate.swift */ = {isa = PBXFileReference; lastKnownFileType = sourcecode.swift; path = SceneDelegate.swift; sourceTree = "<group>"; };
		7A163F362A7D6F3E009939C9 /* ViewController.swift */ = {isa = PBXFileReference; lastKnownFileType = sourcecode.swift; path = ViewController.swift; sourceTree = "<group>"; };
		7A163F3B2A7D6F3F009939C9 /* Assets.xcassets */ = {isa = PBXFileReference; lastKnownFileType = folder.assetcatalog; path = Assets.xcassets; sourceTree = "<group>"; };
		7A163F3E2A7D6F3F009939C9 /* Base */ = {isa = PBXFileReference; lastKnownFileType = file.storyboard; name = Base; path = Base.lproj/LaunchScreen.storyboard; sourceTree = "<group>"; };
		7A163F402A7D6F3F009939C9 /* Info.plist */ = {isa = PBXFileReference; lastKnownFileType = text.plist.xml; path = Info.plist; sourceTree = "<group>"; };
		7A163F452A7D6F3F009939C9 /* 20230803-DS-NYCSchoolsTests.xctest */ = {isa = PBXFileReference; explicitFileType = wrapper.cfbundle; includeInIndex = 0; path = "20230803-DS-NYCSchoolsTests.xctest"; sourceTree = BUILT_PRODUCTS_DIR; };
		7A163F492A7D6F3F009939C9 /* _0230803_DS_NYCSchoolsTests.swift */ = {isa = PBXFileReference; lastKnownFileType = sourcecode.swift; path = _0230803_DS_NYCSchoolsTests.swift; sourceTree = "<group>"; };
		7A163F4F2A7D6F3F009939C9 /* 20230803-DS-NYCSchoolsUITests.xctest */ = {isa = PBXFileReference; explicitFileType = wrapper.cfbundle; includeInIndex = 0; path = "20230803-DS-NYCSchoolsUITests.xctest"; sourceTree = BUILT_PRODUCTS_DIR; };
		7A163F532A7D6F3F009939C9 /* _0230803_DS_NYCSchoolsUITests.swift */ = {isa = PBXFileReference; lastKnownFileType = sourcecode.swift; path = _0230803_DS_NYCSchoolsUITests.swift; sourceTree = "<group>"; };
		7A163F552A7D6F3F009939C9 /* _0230803_DS_NYCSchoolsUITestsLaunchTests.swift */ = {isa = PBXFileReference; lastKnownFileType = sourcecode.swift; path = _0230803_DS_NYCSchoolsUITestsLaunchTests.swift; sourceTree = "<group>"; };
/* End PBXFileReference section */

/* Begin PBXFrameworksBuildPhase section */
		7A163F2C2A7D6F3E009939C9 /* Frameworks */ = {
			isa = PBXFrameworksBuildPhase;
			buildActionMask = 2147483647;
			files = (
			);
			runOnlyForDeploymentPostprocessing = 0;
		};
		7A163F422A7D6F3F009939C9 /* Frameworks */ = {
			isa = PBXFrameworksBuildPhase;
			buildActionMask = 2147483647;
			files = (
			);
			runOnlyForDeploymentPostprocessing = 0;
		};
		7A163F4C2A7D6F3F009939C9 /* Frameworks */ = {
			isa = PBXFrameworksBuildPhase;
			buildActionMask = 2147483647;
			files = (
			);
			runOnlyForDeploymentPostprocessing = 0;
		};
/* End PBXFrameworksBuildPhase section */

/* Begin PBXGroup section */
		7A163F262A7D6F3E009939C9 = {
			isa = PBXGroup;
			children = (
				7A163F312A7D6F3E009939C9 /* 20230803-DS-NYCSchools */,
				7A163F482A7D6F3F009939C9 /* 20230803-DS-NYCSchoolsTests */,
				7A163F522A7D6F3F009939C9 /* 20230803-DS-NYCSchoolsUITests */,
				7A163F302A7D6F3E009939C9 /* Products */,
			);
			sourceTree = "<group>";
		};
		7A163F302A7D6F3E009939C9 /* Products */ = {
			isa = PBXGroup;
			children = (
				7A163F2F2A7D6F3E009939C9 /* 20230803-DS-NYCSchools.app */,
				7A163F452A7D6F3F009939C9 /* 20230803-DS-NYCSchoolsTests.xctest */,
				7A163F4F2A7D6F3F009939C9 /* 20230803-DS-NYCSchoolsUITests.xctest */,
			);
			name = Products;
			sourceTree = "<group>";
		};
		7A163F312A7D6F3E009939C9 /* 20230803-DS-NYCSchools */ = {
			isa = PBXGroup;
			children = (
				7A163F322A7D6F3E009939C9 /* AppDelegate.swift */,
				7A163F342A7D6F3E009939C9 /* SceneDelegate.swift */,
				7A163F362A7D6F3E009939C9 /* ViewController.swift */,
				7A163F3B2A7D6F3F009939C9 /* Assets.xcassets */,
				7A163F3D2A7D6F3F009939C9 /* LaunchScreen.storyboard */,
				7A163F402A7D6F3F009939C9 /* Info.plist */,
			);
			path = "20230803-DS-NYCSchools";
			sourceTree = "<group>";
		};
		7A163F482A7D6F3F009939C9 /* 20230803-DS-NYCSchoolsTests */ = {
			isa = PBXGroup;
			children = (
				7A163F492A7D6F3F009939C9 /* _0230803_DS_NYCSchoolsTests.swift */,
			);
			path = "20230803-DS-NYCSchoolsTests";
			sourceTree = "<group>";
		};
		7A163F522A7D6F3F009939C9 /* 20230803-DS-NYCSchoolsUITests */ = {
			isa = PBXGroup;
			children = (
				7A163F532A7D6F3F009939C9 /* _0230803_DS_NYCSchoolsUITests.swift */,
				7A163F552A7D6F3F009939C9 /* _0230803_DS_NYCSchoolsUITestsLaunchTests.swift */,
			);
			path = "20230803-DS-NYCSchoolsUITests";
			sourceTree = "<group>";
		};
/* End PBXGroup section */

/* Begin PBXNativeTarget section */
		7A163F2E2A7D6F3E009939C9 /* 20230803-DS-NYCSchools */ = {
			isa = PBXNativeTarget;
			buildConfigurationList = 7A163F592A7D6F3F009939C9 /* Build configuration list for PBXNativeTarget "20230803-DS-NYCSchools" */;
			buildPhases = (
				7A163F2B2A7D6F3E009939C9 /* Sources */,
				7A163F2C2A7D6F3E009939C9 /* Frameworks */,
				7A163F2D2A7D6F3E009939C9 /* Resources */,
			);
			buildRules = (
			);
			dependencies = (
			);
			name = "20230803-DS-NYCSchools";
			productName = "20230803-DS-NYCSchools";
			productReference = 7A163F2F2A7D6F3E009939C9 /* 20230803-DS-NYCSchools.app */;
			productType = "com.apple.product-type.application";
		};
		7A163F442A7D6F3F009939C9 /* 20230803-DS-NYCSchoolsTests */ = {
			isa = PBXNativeTarget;
			buildConfigurationList = 7A163F5C2A7D6F3F009939C9 /* Build configuration list for PBXNativeTarget "20230803-DS-NYCSchoolsTests" */;
			buildPhases = (
				7A163F412A7D6F3F009939C9 /* Sources */,
				7A163F422A7D6F3F009939C9 /* Frameworks */,
				7A163F432A7D6F3F009939C9 /* Resources */,
			);
			buildRules = (
			);
			dependencies = (
				7A163F472A7D6F3F009939C9 /* PBXTargetDependency */,
			);
			name = "20230803-DS-NYCSchoolsTests";
			productName = "20230803-DS-NYCSchoolsTests";
			productReference = 7A163F452A7D6F3F009939C9 /* 20230803-DS-NYCSchoolsTests.xctest */;
			productType = "com.apple.product-type.bundle.unit-test";
		};
		7A163F4E2A7D6F3F009939C9 /* 20230803-DS-NYCSchoolsUITests */ = {
			isa = PBXNativeTarget;
			buildConfigurationList = 7A163F5F2A7D6F3F009939C9 /* Build configuration list for PBXNativeTarget "20230803-DS-NYCSchoolsUITests" */;
			buildPhases = (
				7A163F4B2A7D6F3F009939C9 /* Sources */,
				7A163F4C2A7D6F3F009939C9 /* Frameworks */,
				7A163F4D2A7D6F3F009939C9 /* Resources */,
			);
			buildRules = (
			);
			dependencies = (
				7A163F512A7D6F3F009939C9 /* PBXTargetDependency */,
			);
			name = "20230803-DS-NYCSchoolsUITests";
			productName = "20230803-DS-NYCSchoolsUITests";
			productReference = 7A163F4F2A7D6F3F009939C9 /* 20230803-DS-NYCSchoolsUITests.xctest */;
			productType = "com.apple.product-type.bundle.ui-testing";
		};
/* End PBXNativeTarget section */

/* Begin PBXProject section */
		7A163F272A7D6F3E009939C9 /* Project object */ = {
			isa = PBXProject;
			attributes = {
				BuildIndependentTargetsInParallel = 1;
				LastSwiftUpdateCheck = 1430;
				LastUpgradeCheck = 1430;
				TargetAttributes = {
					7A163F2E2A7D6F3E009939C9 = {
						CreatedOnToolsVersion = 14.3.1;
					};
					7A163F442A7D6F3F009939C9 = {
						CreatedOnToolsVersion = 14.3.1;
						TestTargetID = 7A163F2E2A7D6F3E009939C9;
					};
					7A163F4E2A7D6F3F009939C9 = {
						CreatedOnToolsVersion = 14.3.1;
						TestTargetID = 7A163F2E2A7D6F3E009939C9;
					};
				};
			};
			buildConfigurationList = 7A163F2A2A7D6F3E009939C9 /* Build configuration list for PBXProject "20230803-DS-NYCSchools" */;
			compatibilityVersion = "Xcode 14.0";
			developmentRegion = en;
			hasScannedForEncodings = 0;
			knownRegions = (
				en,
				Base,
			);
			mainGroup = 7A163F262A7D6F3E009939C9;
			productRefGroup = 7A163F302A7D6F3E009939C9 /* Products */;
			projectDirPath = "";
			projectRoot = "";
			targets = (
				7A163F2E2A7D6F3E009939C9 /* 20230803-DS-NYCSchools */,
				7A163F442A7D6F3F009939C9 /* 20230803-DS-NYCSchoolsTests */,
				7A163F4E2A7D6F3F009939C9 /* 20230803-DS-NYCSchoolsUITests */,
			);
		};
/* End PBXProject section */

/* Begin PBXResourcesBuildPhase section */
		7A163F2D2A7D6F3E009939C9 /* Resources */ = {
			isa = PBXResourcesBuildPhase;
			buildActionMask = 2147483647;
			files = (
				7A163F3F2A7D6F3F009939C9 /* LaunchScreen.storyboard in Resources */,
				7A163F3C2A7D6F3F009939C9 /* Assets.xcassets in Resources */,
			);
			runOnlyForDeploymentPostprocessing = 0;
		};
		7A163F432A7D6F3F009939C9 /* Resources */ = {
			isa = PBXResourcesBuildPhase;
			buildActionMask = 2147483647;
			files = (
			);
			runOnlyForDeploymentPostprocessing = 0;
		};
		7A163F4D2A7D6F3F009939C9 /* Resources */ = {
			isa = PBXResourcesBuildPhase;
			buildActionMask = 2147483647;
			files = (
			);
			runOnlyForDeploymentPostprocessing = 0;
		};
/* End PBXResourcesBuildPhase section */

/* Begin PBXSourcesBuildPhase section */
		7A163F2B2A7D6F3E009939C9 /* Sources */ = {
			isa = PBXSourcesBuildPhase;
			buildActionMask = 2147483647;
			files = (
				7A163F372A7D6F3E009939C9 /* ViewController.swift in Sources */,
				7A163F332A7D6F3E009939C9 /* AppDelegate.swift in Sources */,
				7A163F352A7D6F3E009939C9 /* SceneDelegate.swift in Sources */,
			);
			runOnlyForDeploymentPostprocessing = 0;
		};
		7A163F412A7D6F3F009939C9 /* Sources */ = {
			isa = PBXSourcesBuildPhase;
			buildActionMask = 2147483647;
			files = (
				7A163F4A2A7D6F3F009939C9 /* _0230803_DS_NYCSchoolsTests.swift in Sources */,
			);
			runOnlyForDeploymentPostprocessing = 0;
		};
		7A163F4B2A7D6F3F009939C9 /* Sources */ = {
			isa = PBXSourcesBuildPhase;
			buildActionMask = 2147483647;
			files = (
				7A163F542A7D6F3F009939C9 /* _0230803_DS_NYCSchoolsUITests.swift in Sources */,
				7A163F562A7D6F3F009939C9 /* _0230803_DS_NYCSchoolsUITestsLaunchTests.swift in Sources */,
			);
			runOnlyForDeploymentPostprocessing = 0;
		};
/* End PBXSourcesBuildPhase section */

/* Begin PBXTargetDependency section */
		7A163F472A7D6F3F009939C9 /* PBXTargetDependency */ = {
			isa = PBXTargetDependency;
			target = 7A163F2E2A7D6F3E009939C9 /* 20230803-DS-NYCSchools */;
			targetProxy = 7A163F462A7D6F3F009939C9 /* PBXContainerItemProxy */;
		};
		7A163F512A7D6F3F009939C9 /* PBXTargetDependency */ = {
			isa = PBXTargetDependency;
			target = 7A163F2E2A7D6F3E009939C9 /* 20230803-DS-NYCSchools */;
			targetProxy = 7A163F502A7D6F3F009939C9 /* PBXContainerItemProxy */;
		};
/* End PBXTargetDependency section */

/* Begin PBXVariantGroup section */
		7A163F3D2A7D6F3F009939C9 /* LaunchScreen.storyboard */ = {
			isa = PBXVariantGroup;
			children = (
				7A163F3E2A7D6F3F009939C9 /* Base */,
			);
			name = LaunchScreen.storyboard;
			sourceTree = "<group>";
		};
/* End PBXVariantGroup section */

/* Begin XCBuildConfiguration section */
		7A163F572A7D6F3F009939C9 /* Debug */ = {
			isa = XCBuildConfiguration;
			buildSettings = {
				ALWAYS_SEARCH_USER_PATHS = NO;
				CLANG_ANALYZER_NONNULL = YES;
				CLANG_ANALYZER_NUMBER_OBJECT_CONVERSION = YES_AGGRESSIVE;
				CLANG_CXX_LANGUAGE_STANDARD = "gnu++20";
				CLANG_ENABLE_MODULES = YES;
				CLANG_ENABLE_OBJC_ARC = YES;
				CLANG_ENABLE_OBJC_WEAK = YES;
				CLANG_WARN_BLOCK_CAPTURE_AUTORELEASING = YES;
				CLANG_WARN_BOOL_CONVERSION = YES;
				CLANG_WARN_COMMA = YES;
				CLANG_WARN_CONSTANT_CONVERSION = YES;
				CLANG_WARN_DEPRECATED_OBJC_IMPLEMENTATIONS = YES;
				CLANG_WARN_DIRECT_OBJC_ISA_USAGE = YES_ERROR;
				CLANG_WARN_DOCUMENTATION_COMMENTS = YES;
				CLANG_WARN_EMPTY_BODY = YES;
				CLANG_WARN_ENUM_CONVERSION = YES;
				CLANG_WARN_INFINITE_RECURSION = YES;
				CLANG_WARN_INT_CONVERSION = YES;
				CLANG_WARN_NON_LITERAL_NULL_CONVERSION = YES;
				CLANG_WARN_OBJC_IMPLICIT_RETAIN_SELF = YES;
				CLANG_WARN_OBJC_LITERAL_CONVERSION = YES;
				CLANG_WARN_OBJC_ROOT_CLASS = YES_ERROR;
				CLANG_WARN_QUOTED_INCLUDE_IN_FRAMEWORK_HEADER = YES;
				CLANG_WARN_RANGE_LOOP_ANALYSIS = YES;
				CLANG_WARN_STRICT_PROTOTYPES = YES;
				CLANG_WARN_SUSPICIOUS_MOVE = YES;
				CLANG_WARN_UNGUARDED_AVAILABILITY = YES_AGGRESSIVE;
				CLANG_WARN_UNREACHABLE_CODE = YES;
				CLANG_WARN__DUPLICATE_METHOD_MATCH = YES;
				COPY_PHASE_STRIP = NO;
				DEBUG_INFORMATION_FORMAT = dwarf;
				ENABLE_STRICT_OBJC_MSGSEND = YES;
				ENABLE_TESTABILITY = YES;
				GCC_C_LANGUAGE_STANDARD = gnu11;
				GCC_DYNAMIC_NO_PIC = NO;
				GCC_NO_COMMON_BLOCKS = YES;
				GCC_OPTIMIZATION_LEVEL = 0;
				GCC_PREPROCESSOR_DEFINITIONS = (
					"DEBUG=1",
					"$(inherited)",
				);
				GCC_WARN_64_TO_32_BIT_CONVERSION = YES;
				GCC_WARN_ABOUT_RETURN_TYPE = YES_ERROR;
				GCC_WARN_UNDECLARED_SELECTOR = YES;
				GCC_WARN_UNINITIALIZED_AUTOS = YES_AGGRESSIVE;
				GCC_WARN_UNUSED_FUNCTION = YES;
				GCC_WARN_UNUSED_VARIABLE = YES;
				IPHONEOS_DEPLOYMENT_TARGET = 16.4;
				MTL_ENABLE_DEBUG_INFO = INCLUDE_SOURCE;
				MTL_FAST_MATH = YES;
				ONLY_ACTIVE_ARCH = YES;
				SDKROOT = iphoneos;
				SWIFT_ACTIVE_COMPILATION_CONDITIONS = DEBUG;
				SWIFT_OPTIMIZATION_LEVEL = "-Onone";
			};
			name = Debug;
		};
		7A163F582A7D6F3F009939C9 /* Release */ = {
			isa = XCBuildConfiguration;
			buildSettings = {
				ALWAYS_SEARCH_USER_PATHS = NO;
				CLANG_ANALYZER_NONNULL = YES;
				CLANG_ANALYZER_NUMBER_OBJECT_CONVERSION = YES_AGGRESSIVE;
				CLANG_CXX_LANGUAGE_STANDARD = "gnu++20";
				CLANG_ENABLE_MODULES = YES;
				CLANG_ENABLE_OBJC_ARC = YES;
				CLANG_ENABLE_OBJC_WEAK = YES;
				CLANG_WARN_BLOCK_CAPTURE_AUTORELEASING = YES;
				CLANG_WARN_BOOL_CONVERSION = YES;
				CLANG_WARN_COMMA = YES;
				CLANG_WARN_CONSTANT_CONVERSION = YES;
				CLANG_WARN_DEPRECATED_OBJC_IMPLEMENTATIONS = YES;
				CLANG_WARN_DIRECT_OBJC_ISA_USAGE = YES_ERROR;
				CLANG_WARN_DOCUMENTATION_COMMENTS = YES;
				CLANG_WARN_EMPTY_BODY = YES;
				CLANG_WARN_ENUM_CONVERSION = YES;
				CLANG_WARN_INFINITE_RECURSION = YES;
				CLANG_WARN_INT_CONVERSION = YES;
				CLANG_WARN_NON_LITERAL_NULL_CONVERSION = YES;
				CLANG_WARN_OBJC_IMPLICIT_RETAIN_SELF = YES;
				CLANG_WARN_OBJC_LITERAL_CONVERSION = YES;
				CLANG_WARN_OBJC_ROOT_CLASS = YES_ERROR;
				CLANG_WARN_QUOTED_INCLUDE_IN_FRAMEWORK_HEADER = YES;
				CLANG_WARN_RANGE_LOOP_ANALYSIS = YES;
				CLANG_WARN_STRICT_PROTOTYPES = YES;
				CLANG_WARN_SUSPICIOUS_MOVE = YES;
				CLANG_WARN_UNGUARDED_AVAILABILITY = YES_AGGRESSIVE;
				CLANG_WARN_UNREACHABLE_CODE = YES;
				CLANG_WARN__DUPLICATE_METHOD_MATCH = YES;
				COPY_PHASE_STRIP = NO;
				DEBUG_INFORMATION_FORMAT = "dwarf-with-dsym";
				ENABLE_NS_ASSERTIONS = NO;
				ENABLE_STRICT_OBJC_MSGSEND = YES;
				GCC_C_LANGUAGE_STANDARD = gnu11;
				GCC_NO_COMMON_BLOCKS = YES;
				GCC_WARN_64_TO_32_BIT_CONVERSION = YES;
				GCC_WARN_ABOUT_RETURN_TYPE = YES_ERROR;
				GCC_WARN_UNDECLARED_SELECTOR = YES;
				GCC_WARN_UNINITIALIZED_AUTOS = YES_AGGRESSIVE;
				GCC_WARN_UNUSED_FUNCTION = YES;
				GCC_WARN_UNUSED_VARIABLE = YES;
				IPHONEOS_DEPLOYMENT_TARGET = 16.4;
				MTL_ENABLE_DEBUG_INFO = NO;
				MTL_FAST_MATH = YES;
				SDKROOT = iphoneos;
				SWIFT_COMPILATION_MODE = wholemodule;
				SWIFT_OPTIMIZATION_LEVEL = "-O";
				VALIDATE_PRODUCT = YES;
			};
			name = Release;
		};
		7A163F5A2A7D6F3F009939C9 /* Debug */ = {
			isa = XCBuildConfiguration;
			buildSettings = {
				ASSETCATALOG_COMPILER_APPICON_NAME = AppIcon;
				ASSETCATALOG_COMPILER_GLOBAL_ACCENT_COLOR_NAME = AccentColor;
				CODE_SIGN_STYLE = Automatic;
				CURRENT_PROJECT_VERSION = 1;
				DEVELOPMENT_TEAM = PBTBVGQPFL;
				GENERATE_INFOPLIST_FILE = YES;
				INFOPLIST_FILE = "20230803-DS-NYCSchools/Info.plist";
				INFOPLIST_KEY_UIApplicationSupportsIndirectInputEvents = YES;
				INFOPLIST_KEY_UILaunchStoryboardName = LaunchScreen;
				INFOPLIST_KEY_UISupportedInterfaceOrientations_iPad = "UIInterfaceOrientationPortrait UIInterfaceOrientationPortraitUpsideDown UIInterfaceOrientationLandscapeLeft UIInterfaceOrientationLandscapeRight";
				INFOPLIST_KEY_UISupportedInterfaceOrientations_iPhone = "UIInterfaceOrientationPortrait UIInterfaceOrientationLandscapeLeft UIInterfaceOrientationLandscapeRight";
				LD_RUNPATH_SEARCH_PATHS = (
					"$(inherited)",
					"@executable_path/Frameworks",
				);
				MARKETING_VERSION = 1.0;
				PRODUCT_BUNDLE_IDENTIFIER = "org.dimko.-0230803-DS-NYCSchools";
				PRODUCT_NAME = "$(TARGET_NAME)";
				SWIFT_EMIT_LOC_STRINGS = YES;
				SWIFT_VERSION = 5.0;
				TARGETED_DEVICE_FAMILY = "1,2";
			};
			name = Debug;
		};
		7A163F5B2A7D6F3F009939C9 /* Release */ = {
			isa = XCBuildConfiguration;
			buildSettings = {
				ASSETCATALOG_COMPILER_APPICON_NAME = AppIcon;
				ASSETCATALOG_COMPILER_GLOBAL_ACCENT_COLOR_NAME = AccentColor;
				CODE_SIGN_STYLE = Automatic;
				CURRENT_PROJECT_VERSION = 1;
				DEVELOPMENT_TEAM = PBTBVGQPFL;
				GENERATE_INFOPLIST_FILE = YES;
				INFOPLIST_FILE = "20230803-DS-NYCSchools/Info.plist";
				INFOPLIST_KEY_UIApplicationSupportsIndirectInputEvents = YES;
				INFOPLIST_KEY_UILaunchStoryboardName = LaunchScreen;
				INFOPLIST_KEY_UISupportedInterfaceOrientations_iPad = "UIInterfaceOrientationPortrait UIInterfaceOrientationPortraitUpsideDown UIInterfaceOrientationLandscapeLeft UIInterfaceOrientationLandscapeRight";
				INFOPLIST_KEY_UISupportedInterfaceOrientations_iPhone = "UIInterfaceOrientationPortrait UIInterfaceOrientationLandscapeLeft UIInterfaceOrientationLandscapeRight";
				LD_RUNPATH_SEARCH_PATHS = (
					"$(inherited)",
					"@executable_path/Frameworks",
				);
				MARKETING_VERSION = 1.0;
				PRODUCT_BUNDLE_IDENTIFIER = "org.dimko.-0230803-DS-NYCSchools";
				PRODUCT_NAME = "$(TARGET_NAME)";
				SWIFT_EMIT_LOC_STRINGS = YES;
				SWIFT_VERSION = 5.0;
				TARGETED_DEVICE_FAMILY = "1,2";
			};
			name = Release;
		};
		7A163F5D2A7D6F3F009939C9 /* Debug */ = {
			isa = XCBuildConfiguration;
			buildSettings = {
				ALWAYS_EMBED_SWIFT_STANDARD_LIBRARIES = YES;
				BUNDLE_LOADER = "$(TEST_HOST)";
				CODE_SIGN_STYLE = Automatic;
				CURRENT_PROJECT_VERSION = 1;
				DEVELOPMENT_TEAM = PBTBVGQPFL;
				GENERATE_INFOPLIST_FILE = YES;
				IPHONEOS_DEPLOYMENT_TARGET = 16.4;
				MARKETING_VERSION = 1.0;
				PRODUCT_BUNDLE_IDENTIFIER = "org.dimko.-0230803-DS-NYCSchoolsTests";
				PRODUCT_NAME = "$(TARGET_NAME)";
				SWIFT_EMIT_LOC_STRINGS = NO;
				SWIFT_VERSION = 5.0;
				TARGETED_DEVICE_FAMILY = "1,2";
				TEST_HOST = "$(BUILT_PRODUCTS_DIR)/20230803-DS-NYCSchools.app/$(BUNDLE_EXECUTABLE_FOLDER_PATH)/20230803-DS-NYCSchools";
			};
			name = Debug;
		};
		7A163F5E2A7D6F3F009939C9 /* Release */ = {
			isa = XCBuildConfiguration;
			buildSettings = {
				ALWAYS_EMBED_SWIFT_STANDARD_LIBRARIES = YES;
				BUNDLE_LOADER = "$(TEST_HOST)";
				CODE_SIGN_STYLE = Automatic;
				CURRENT_PROJECT_VERSION = 1;
				DEVELOPMENT_TEAM = PBTBVGQPFL;
				GENERATE_INFOPLIST_FILE = YES;
				IPHONEOS_DEPLOYMENT_TARGET = 16.4;
				MARKETING_VERSION = 1.0;
				PRODUCT_BUNDLE_IDENTIFIER = "org.dimko.-0230803-DS-NYCSchoolsTests";
				PRODUCT_NAME = "$(TARGET_NAME)";
				SWIFT_EMIT_LOC_STRINGS = NO;
				SWIFT_VERSION = 5.0;
				TARGETED_DEVICE_FAMILY = "1,2";
				TEST_HOST = "$(BUILT_PRODUCTS_DIR)/20230803-DS-NYCSchools.app/$(BUNDLE_EXECUTABLE_FOLDER_PATH)/20230803-DS-NYCSchools";
			};
			name = Release;
		};
		7A163F602A7D6F3F009939C9 /* Debug */ = {
			isa = XCBuildConfiguration;
			buildSettings = {
				ALWAYS_EMBED_SWIFT_STANDARD_LIBRARIES = YES;
				CODE_SIGN_STYLE = Automatic;
				CURRENT_PROJECT_VERSION = 1;
				DEVELOPMENT_TEAM = PBTBVGQPFL;
				GENERATE_INFOPLIST_FILE = YES;
				MARKETING_VERSION = 1.0;
				PRODUCT_BUNDLE_IDENTIFIER = "org.dimko.-0230803-DS-NYCSchoolsUITests";
				PRODUCT_NAME = "$(TARGET_NAME)";
				SWIFT_EMIT_LOC_STRINGS = NO;
				SWIFT_VERSION = 5.0;
				TARGETED_DEVICE_FAMILY = "1,2";
				TEST_TARGET_NAME = "20230803-DS-NYCSchools";
			};
			name = Debug;
		};
		7A163F612A7D6F3F009939C9 /* Release */ = {
			isa = XCBuildConfiguration;
			buildSettings = {
				ALWAYS_EMBED_SWIFT_STANDARD_LIBRARIES = YES;
				CODE_SIGN_STYLE = Automatic;
				CURRENT_PROJECT_VERSION = 1;
				DEVELOPMENT_TEAM = PBTBVGQPFL;
				GENERATE_INFOPLIST_FILE = YES;
				MARKETING_VERSION = 1.0;
				PRODUCT_BUNDLE_IDENTIFIER = "org.dimko.-0230803-DS-NYCSchoolsUITests";
				PRODUCT_NAME = "$(TARGET_NAME)";
				SWIFT_EMIT_LOC_STRINGS = NO;
				SWIFT_VERSION = 5.0;
				TARGETED_DEVICE_FAMILY = "1,2";
				TEST_TARGET_NAME = "20230803-DS-NYCSchools";
			};
			name = Release;
		};
/* End XCBuildConfiguration section */

/* Begin XCConfigurationList section */
		7A163F2A2A7D6F3E009939C9 /* Build configuration list for PBXProject "20230803-DS-NYCSchools" */ = {
			isa = XCConfigurationList;
			buildConfigurations = (
				7A163F572A7D6F3F009939C9 /* Debug */,
				7A163F582A7D6F3F009939C9 /* Release */,
			);
			defaultConfigurationIsVisible = 0;
			defaultConfigurationName = Release;
		};
		7A163F592A7D6F3F009939C9 /* Build configuration list for PBXNativeTarget "20230803-DS-NYCSchools" */ = {
			isa = XCConfigurationList;
			buildConfigurations = (
				7A163F5A2A7D6F3F009939C9 /* Debug */,
				7A163F5B2A7D6F3F009939C9 /* Release */,
			);
			defaultConfigurationIsVisible = 0;
			defaultConfigurationName = Release;
		};
		7A163F5C2A7D6F3F009939C9 /* Build configuration list for PBXNativeTarget "20230803-DS-NYCSchoolsTests" */ = {
			isa = XCConfigurationList;
			buildConfigurations = (
				7A163F5D2A7D6F3F009939C9 /* Debug */,
				7A163F5E2A7D6F3F009939C9 /* Release */,
			);
			defaultConfigurationIsVisible = 0;
			defaultConfigurationName = Release;
		};
		7A163F5F2A7D6F3F009939C9 /* Build configuration list for PBXNativeTarget "20230803-DS-NYCSchoolsUITests" */ = {
			isa = XCConfigurationList;
			buildConfigurations = (
				7A163F602A7D6F3F009939C9 /* Debug */,
				7A163F612A7D6F3F009939C9 /* Release */,
			);
			defaultConfigurationIsVisible = 0;
			defaultConfigurationName = Release;
		};
/* End XCConfigurationList section */
	};
	rootObject = 7A163F272A7D6F3E009939C9 /* Project object */;
}
