// !$*UTF8*$!
{
	archiveVersion = 1;
	classes = {
	};
	objectVersion = 56;
	objects = {

/* Begin PBXBuildFile section */
		7A163F332A7D6F3E009939C9 /* AppDelegate.swift in Sources */ = {isa = PBXBuildFile; fileRef = 7A163F322A7D6F3E009939C9 /* AppDelegate.swift */; };
		7A163F352A7D6F3E009939C9 /* SceneDelegate.swift in Sources */ = {isa = PBXBuildFile; fileRef = 7A163F342A7D6F3E009939C9 /* SceneDelegate.swift */; };
		7A163F3C2A7D6F3F009939C9 /* Assets.xcassets in Resources */ = {isa = PBXBuildFile; fileRef = 7A163F3B2A7D6F3F009939C9 /* Assets.xcassets */; };
		7A163F3F2A7D6F3F009939C9 /* LaunchScreen.storyboard in Resources */ = {isa = PBXBuildFile; fileRef = 7A163F3D2A7D6F3F009939C9 /* LaunchScreen.storyboard */; };
		7A163F542A7D6F3F009939C9 /* _0230803_DS_NYCSchoolsUITests.swift in Sources */ = {isa = PBXBuildFile; fileRef = 7A163F532A7D6F3F009939C9 /* _0230803_DS_NYCSchoolsUITests.swift */; };
		7A163F562A7D6F3F009939C9 /* _0230803_DS_NYCSchoolsUITestsLaunchTests.swift in Sources */ = {isa = PBXBuildFile; fileRef = 7A163F552A7D6F3F009939C9 /* _0230803_DS_NYCSchoolsUITestsLaunchTests.swift */; };
		7A163F632A7D88C7009939C9 /* ModuleBuilder.swift in Sources */ = {isa = PBXBuildFile; fileRef = 7A163F622A7D88C7009939C9 /* ModuleBuilder.swift */; };
		7A163F652A7D8AA8009939C9 /* Router.swift in Sources */ = {isa = PBXBuildFile; fileRef = 7A163F642A7D8AA8009939C9 /* Router.swift */; };
		7A163F692A7D907D009939C9 /* Constraints.swift in Sources */ = {isa = PBXBuildFile; fileRef = 7A163F682A7D907D009939C9 /* Constraints.swift */; };
		7A163F6B2A7D90A3009939C9 /* UIView.swift in Sources */ = {isa = PBXBuildFile; fileRef = 7A163F6A2A7D90A3009939C9 /* UIView.swift */; };
		7A163F732A7EB55C009939C9 /* SchoolsListVC.swift in Sources */ = {isa = PBXBuildFile; fileRef = 7A163F722A7EB55C009939C9 /* SchoolsListVC.swift */; };
		7A163F752A7EB569009939C9 /* SchoolsListVM.swift in Sources */ = {isa = PBXBuildFile; fileRef = 7A163F742A7EB569009939C9 /* SchoolsListVM.swift */; };
		7A163F772A7EB5BF009939C9 /* School.swift in Sources */ = {isa = PBXBuildFile; fileRef = 7A163F762A7EB5BF009939C9 /* School.swift */; };
		7A163F792A7EBC4A009939C9 /* SchoolsListVC+Setup.swift in Sources */ = {isa = PBXBuildFile; fileRef = 7A163F782A7EBC4A009939C9 /* SchoolsListVC+Setup.swift */; };
		7A163F7B2A7EC0AE009939C9 /* SchoolsListCellVM.swift in Sources */ = {isa = PBXBuildFile; fileRef = 7A163F7A2A7EC0AE009939C9 /* SchoolsListCellVM.swift */; };
		7A163F7D2A7EC140009939C9 /* SchoolsListViewData.swift in Sources */ = {isa = PBXBuildFile; fileRef = 7A163F7C2A7EC140009939C9 /* SchoolsListViewData.swift */; };
		7A163F7F2A7EC287009939C9 /* SchoolsListView.swift in Sources */ = {isa = PBXBuildFile; fileRef = 7A163F7E2A7EC287009939C9 /* SchoolsListView.swift */; };
		7A163F812A7EC88D009939C9 /* SchoolsListView+Setup.swift in Sources */ = {isa = PBXBuildFile; fileRef = 7A163F802A7EC88D009939C9 /* SchoolsListView+Setup.swift */; };
		7A163F832A7EC963009939C9 /* SchoolsListView+TableView.swift in Sources */ = {isa = PBXBuildFile; fileRef = 7A163F822A7EC963009939C9 /* SchoolsListView+TableView.swift */; };
		7A26BA3A2A819B60009144A6 /* SchoolDetailsMapCollectionViewCell.swift in Sources */ = {isa = PBXBuildFile; fileRef = 7A26BA392A819B60009144A6 /* SchoolDetailsMapCollectionViewCell.swift */; };
		7A8019C82A7ED0AC0040C380 /* IndicatorView.swift in Sources */ = {isa = PBXBuildFile; fileRef = 7A8019C72A7ED0AC0040C380 /* IndicatorView.swift */; };
		7A8019CA2A7ED0E90040C380 /* LoadingView.swift in Sources */ = {isa = PBXBuildFile; fileRef = 7A8019C92A7ED0E90040C380 /* LoadingView.swift */; };
		7A8019CC2A7EE68A0040C380 /* EmptyView.swift in Sources */ = {isa = PBXBuildFile; fileRef = 7A8019CB2A7EE68A0040C380 /* EmptyView.swift */; };
		7A8019CE2A7EE91B0040C380 /* ErrorView.swift in Sources */ = {isa = PBXBuildFile; fileRef = 7A8019CD2A7EE91B0040C380 /* ErrorView.swift */; };
		7A8019D02A7EEF180040C380 /* SchoolsListVMTest.swift in Sources */ = {isa = PBXBuildFile; fileRef = 7A8019CF2A7EEF180040C380 /* SchoolsListVMTest.swift */; };
		7A8019D32A7EF5E90040C380 /* SchoolsService.swift in Sources */ = {isa = PBXBuildFile; fileRef = 7A8019D22A7EF5E90040C380 /* SchoolsService.swift */; };
		7AC81FB62A811B6F000D2875 /* RouterTest.swift in Sources */ = {isa = PBXBuildFile; fileRef = 7AC81FB52A811B6F000D2875 /* RouterTest.swift */; };
		7AC81FB82A811FC1000D2875 /* ModuleBuilderTest.swift in Sources */ = {isa = PBXBuildFile; fileRef = 7AC81FB72A811FC1000D2875 /* ModuleBuilderTest.swift */; };
		7AED11612A7F260800B0C960 /* SchoolDetailsVC.swift in Sources */ = {isa = PBXBuildFile; fileRef = 7AED11602A7F260800B0C960 /* SchoolDetailsVC.swift */; };
		7AED11632A7F266900B0C960 /* SchoolDetailsVM.swift in Sources */ = {isa = PBXBuildFile; fileRef = 7AED11622A7F266900B0C960 /* SchoolDetailsVM.swift */; };
		7AED11652A7F2D5800B0C960 /* SchoolDetailsVC+Setup.swift in Sources */ = {isa = PBXBuildFile; fileRef = 7AED11642A7F2D5800B0C960 /* SchoolDetailsVC+Setup.swift */; };
		7AED11672A7F2F9700B0C960 /* SchoolDetailsViewData.swift in Sources */ = {isa = PBXBuildFile; fileRef = 7AED11662A7F2F9700B0C960 /* SchoolDetailsViewData.swift */; };
		7AED116A2A7F2FF900B0C960 /* SchoolDetailsView.swift in Sources */ = {isa = PBXBuildFile; fileRef = 7AED11692A7F2FF900B0C960 /* SchoolDetailsView.swift */; };
		7AED116E2A7F306300B0C960 /* SchoolDetailsView+Setup.swift in Sources */ = {isa = PBXBuildFile; fileRef = 7AED116D2A7F306300B0C960 /* SchoolDetailsView+Setup.swift */; };
		7AED11702A7F36EA00B0C960 /* SatResult.swift in Sources */ = {isa = PBXBuildFile; fileRef = 7AED116F2A7F36EA00B0C960 /* SatResult.swift */; };
		7AED11722A7F528F00B0C960 /* Service.swift in Sources */ = {isa = PBXBuildFile; fileRef = 7AED11712A7F528F00B0C960 /* Service.swift */; };
		7AED11742A7F578600B0C960 /* SatService.swift in Sources */ = {isa = PBXBuildFile; fileRef = 7AED11732A7F578600B0C960 /* SatService.swift */; };
		7AED11762A8094A300B0C960 /* SchoolDetailsVMTest.swift in Sources */ = {isa = PBXBuildFile; fileRef = 7AED11752A8094A300B0C960 /* SchoolDetailsVMTest.swift */; };
		7AED11782A809AEB00B0C960 /* SchoolsListView+Cell.swift in Sources */ = {isa = PBXBuildFile; fileRef = 7AED11772A809AEB00B0C960 /* SchoolsListView+Cell.swift */; };
		7AED117A2A809C1A00B0C960 /* Reusable.swift in Sources */ = {isa = PBXBuildFile; fileRef = 7AED11792A809C1A00B0C960 /* Reusable.swift */; };
		7AED11842A80BD4100B0C960 /* SchoolsListVC+Search.swift in Sources */ = {isa = PBXBuildFile; fileRef = 7AED11832A80BD4100B0C960 /* SchoolsListVC+Search.swift */; };
		7AED11872A80C2F500B0C960 /* Debouncer.swift in Sources */ = {isa = PBXBuildFile; fileRef = 7AED11862A80C2F500B0C960 /* Debouncer.swift */; };
		7AED11892A80D6AA00B0C960 /* SchoolDetailsView+Collection .swift in Sources */ = {isa = PBXBuildFile; fileRef = 7AED11882A80D6AA00B0C960 /* SchoolDetailsView+Collection .swift */; };
		7AED118B2A80D9F100B0C960 /* SchoolDetailsTitleCollectionViewCell.swift in Sources */ = {isa = PBXBuildFile; fileRef = 7AED118A2A80D9F100B0C960 /* SchoolDetailsTitleCollectionViewCell.swift */; };
		7AED118D2A80DB9D00B0C960 /* SchoolDetailsSectionVM.swift in Sources */ = {isa = PBXBuildFile; fileRef = 7AED118C2A80DB9D00B0C960 /* SchoolDetailsSectionVM.swift */; };
		7AED11902A80EC9C00B0C960 /* SchoolDetailsTextCollectionViewCell.swift in Sources */ = {isa = PBXBuildFile; fileRef = 7AED118F2A80EC9C00B0C960 /* SchoolDetailsTextCollectionViewCell.swift */; };
		7AED11922A80F79E00B0C960 /* SchoolDetailsSubtitleCollectionViewCell.swift in Sources */ = {isa = PBXBuildFile; fileRef = 7AED11912A80F79E00B0C960 /* SchoolDetailsSubtitleCollectionViewCell.swift */; };
		7AED11942A80F9DD00B0C960 /* SchoolDetailsTwoColumnCollectionViewCell.swift in Sources */ = {isa = PBXBuildFile; fileRef = 7AED11932A80F9DD00B0C960 /* SchoolDetailsTwoColumnCollectionViewCell.swift */; };
/* End PBXBuildFile section */

/* Begin PBXContainerItemProxy section */
		7A163F462A7D6F3F009939C9 /* PBXContainerItemProxy */ = {
			isa = PBXContainerItemProxy;
			containerPortal = 7A163F272A7D6F3E009939C9 /* Project object */;
			proxyType = 1;
			remoteGlobalIDString = 7A163F2E2A7D6F3E009939C9;
			remoteInfo = "20230803-DS-NYCSchools";
		};
		7A163F502A7D6F3F009939C9 /* PBXContainerItemProxy */ = {
			isa = PBXContainerItemProxy;
			containerPortal = 7A163F272A7D6F3E009939C9 /* Project object */;
			proxyType = 1;
			remoteGlobalIDString = 7A163F2E2A7D6F3E009939C9;
			remoteInfo = "20230803-DS-NYCSchools";
		};
/* End PBXContainerItemProxy section */

/* Begin PBXFileReference section */
		7A163F2F2A7D6F3E009939C9 /* 20230803-DS-NYCSchools.app */ = {isa = PBXFileReference; explicitFileType = wrapper.application; includeInIndex = 0; path = "20230803-DS-NYCSchools.app"; sourceTree = BUILT_PRODUCTS_DIR; };
		7A163F322A7D6F3E009939C9 /* AppDelegate.swift */ = {isa = PBXFileReference; lastKnownFileType = sourcecode.swift; path = AppDelegate.swift; sourceTree = "<group>"; };
		7A163F342A7D6F3E009939C9 /* SceneDelegate.swift */ = {isa = PBXFileReference; lastKnownFileType = sourcecode.swift; path = SceneDelegate.swift; sourceTree = "<group>"; };
		7A163F3B2A7D6F3F009939C9 /* Assets.xcassets */ = {isa = PBXFileReference; lastKnownFileType = folder.assetcatalog; path = Assets.xcassets; sourceTree = "<group>"; };
		7A163F3E2A7D6F3F009939C9 /* Base */ = {isa = PBXFileReference; lastKnownFileType = file.storyboard; name = Base; path = Base.lproj/LaunchScreen.storyboard; sourceTree = "<group>"; };
		7A163F402A7D6F3F009939C9 /* Info.plist */ = {isa = PBXFileReference; lastKnownFileType = text.plist.xml; path = Info.plist; sourceTree = "<group>"; };
		7A163F452A7D6F3F009939C9 /* 20230803-DS-NYCSchoolsTests.xctest */ = {isa = PBXFileReference; explicitFileType = wrapper.cfbundle; includeInIndex = 0; path = "20230803-DS-NYCSchoolsTests.xctest"; sourceTree = BUILT_PRODUCTS_DIR; };
		7A163F4F2A7D6F3F009939C9 /* 20230803-DS-NYCSchoolsUITests.xctest */ = {isa = PBXFileReference; explicitFileType = wrapper.cfbundle; includeInIndex = 0; path = "20230803-DS-NYCSchoolsUITests.xctest"; sourceTree = BUILT_PRODUCTS_DIR; };
		7A163F532A7D6F3F009939C9 /* _0230803_DS_NYCSchoolsUITests.swift */ = {isa = PBXFileReference; lastKnownFileType = sourcecode.swift; path = _0230803_DS_NYCSchoolsUITests.swift; sourceTree = "<group>"; };
		7A163F552A7D6F3F009939C9 /* _0230803_DS_NYCSchoolsUITestsLaunchTests.swift */ = {isa = PBXFileReference; lastKnownFileType = sourcecode.swift; path = _0230803_DS_NYCSchoolsUITestsLaunchTests.swift; sourceTree = "<group>"; };
		7A163F622A7D88C7009939C9 /* ModuleBuilder.swift */ = {isa = PBXFileReference; lastKnownFileType = sourcecode.swift; path = ModuleBuilder.swift; sourceTree = "<group>"; };
		7A163F642A7D8AA8009939C9 /* Router.swift */ = {isa = PBXFileReference; lastKnownFileType = sourcecode.swift; path = Router.swift; sourceTree = "<group>"; };
		7A163F682A7D907D009939C9 /* Constraints.swift */ = {isa = PBXFileReference; lastKnownFileType = sourcecode.swift; path = Constraints.swift; sourceTree = "<group>"; };
		7A163F6A2A7D90A3009939C9 /* UIView.swift */ = {isa = PBXFileReference; lastKnownFileType = sourcecode.swift; path = UIView.swift; sourceTree = "<group>"; };
		7A163F722A7EB55C009939C9 /* SchoolsListVC.swift */ = {isa = PBXFileReference; lastKnownFileType = sourcecode.swift; path = SchoolsListVC.swift; sourceTree = "<group>"; };
		7A163F742A7EB569009939C9 /* SchoolsListVM.swift */ = {isa = PBXFileReference; lastKnownFileType = sourcecode.swift; path = SchoolsListVM.swift; sourceTree = "<group>"; };
		7A163F762A7EB5BF009939C9 /* School.swift */ = {isa = PBXFileReference; lastKnownFileType = sourcecode.swift; path = School.swift; sourceTree = "<group>"; };
		7A163F782A7EBC4A009939C9 /* SchoolsListVC+Setup.swift */ = {isa = PBXFileReference; lastKnownFileType = sourcecode.swift; path = "SchoolsListVC+Setup.swift"; sourceTree = "<group>"; };
		7A163F7A2A7EC0AE009939C9 /* SchoolsListCellVM.swift */ = {isa = PBXFileReference; lastKnownFileType = sourcecode.swift; path = SchoolsListCellVM.swift; sourceTree = "<group>"; };
		7A163F7C2A7EC140009939C9 /* SchoolsListViewData.swift */ = {isa = PBXFileReference; lastKnownFileType = sourcecode.swift; path = SchoolsListViewData.swift; sourceTree = "<group>"; };
		7A163F7E2A7EC287009939C9 /* SchoolsListView.swift */ = {isa = PBXFileReference; lastKnownFileType = sourcecode.swift; path = SchoolsListView.swift; sourceTree = "<group>"; };
		7A163F802A7EC88D009939C9 /* SchoolsListView+Setup.swift */ = {isa = PBXFileReference; lastKnownFileType = sourcecode.swift; path = "SchoolsListView+Setup.swift"; sourceTree = "<group>"; };
		7A163F822A7EC963009939C9 /* SchoolsListView+TableView.swift */ = {isa = PBXFileReference; lastKnownFileType = sourcecode.swift; path = "SchoolsListView+TableView.swift"; sourceTree = "<group>"; };
		7A26BA392A819B60009144A6 /* SchoolDetailsMapCollectionViewCell.swift */ = {isa = PBXFileReference; lastKnownFileType = sourcecode.swift; path = SchoolDetailsMapCollectionViewCell.swift; sourceTree = "<group>"; };
		7A8019C72A7ED0AC0040C380 /* IndicatorView.swift */ = {isa = PBXFileReference; lastKnownFileType = sourcecode.swift; path = IndicatorView.swift; sourceTree = "<group>"; };
		7A8019C92A7ED0E90040C380 /* LoadingView.swift */ = {isa = PBXFileReference; lastKnownFileType = sourcecode.swift; path = LoadingView.swift; sourceTree = "<group>"; };
		7A8019CB2A7EE68A0040C380 /* EmptyView.swift */ = {isa = PBXFileReference; lastKnownFileType = sourcecode.swift; path = EmptyView.swift; sourceTree = "<group>"; };
		7A8019CD2A7EE91B0040C380 /* ErrorView.swift */ = {isa = PBXFileReference; lastKnownFileType = sourcecode.swift; path = ErrorView.swift; sourceTree = "<group>"; };
		7A8019CF2A7EEF180040C380 /* SchoolsListVMTest.swift */ = {isa = PBXFileReference; lastKnownFileType = sourcecode.swift; path = SchoolsListVMTest.swift; sourceTree = "<group>"; };
		7A8019D22A7EF5E90040C380 /* SchoolsService.swift */ = {isa = PBXFileReference; lastKnownFileType = sourcecode.swift; path = SchoolsService.swift; sourceTree = "<group>"; };
		7AC81FB52A811B6F000D2875 /* RouterTest.swift */ = {isa = PBXFileReference; lastKnownFileType = sourcecode.swift; path = RouterTest.swift; sourceTree = "<group>"; };
		7AC81FB72A811FC1000D2875 /* ModuleBuilderTest.swift */ = {isa = PBXFileReference; lastKnownFileType = sourcecode.swift; path = ModuleBuilderTest.swift; sourceTree = "<group>"; };
		7AED11602A7F260800B0C960 /* SchoolDetailsVC.swift */ = {isa = PBXFileReference; lastKnownFileType = sourcecode.swift; path = SchoolDetailsVC.swift; sourceTree = "<group>"; };
		7AED11622A7F266900B0C960 /* SchoolDetailsVM.swift */ = {isa = PBXFileReference; lastKnownFileType = sourcecode.swift; path = SchoolDetailsVM.swift; sourceTree = "<group>"; };
		7AED11642A7F2D5800B0C960 /* SchoolDetailsVC+Setup.swift */ = {isa = PBXFileReference; lastKnownFileType = sourcecode.swift; path = "SchoolDetailsVC+Setup.swift"; sourceTree = "<group>"; };
		7AED11662A7F2F9700B0C960 /* SchoolDetailsViewData.swift */ = {isa = PBXFileReference; lastKnownFileType = sourcecode.swift; path = SchoolDetailsViewData.swift; sourceTree = "<group>"; };
		7AED11692A7F2FF900B0C960 /* SchoolDetailsView.swift */ = {isa = PBXFileReference; lastKnownFileType = sourcecode.swift; path = SchoolDetailsView.swift; sourceTree = "<group>"; };
		7AED116D2A7F306300B0C960 /* SchoolDetailsView+Setup.swift */ = {isa = PBXFileReference; lastKnownFileType = sourcecode.swift; path = "SchoolDetailsView+Setup.swift"; sourceTree = "<group>"; };
		7AED116F2A7F36EA00B0C960 /* SatResult.swift */ = {isa = PBXFileReference; lastKnownFileType = sourcecode.swift; path = SatResult.swift; sourceTree = "<group>"; };
		7AED11712A7F528F00B0C960 /* Service.swift */ = {isa = PBXFileReference; lastKnownFileType = sourcecode.swift; path = Service.swift; sourceTree = "<group>"; };
		7AED11732A7F578600B0C960 /* SatService.swift */ = {isa = PBXFileReference; lastKnownFileType = sourcecode.swift; path = SatService.swift; sourceTree = "<group>"; };
		7AED11752A8094A300B0C960 /* SchoolDetailsVMTest.swift */ = {isa = PBXFileReference; lastKnownFileType = sourcecode.swift; path = SchoolDetailsVMTest.swift; sourceTree = "<group>"; };
		7AED11772A809AEB00B0C960 /* SchoolsListView+Cell.swift */ = {isa = PBXFileReference; lastKnownFileType = sourcecode.swift; path = "SchoolsListView+Cell.swift"; sourceTree = "<group>"; };
		7AED11792A809C1A00B0C960 /* Reusable.swift */ = {isa = PBXFileReference; lastKnownFileType = sourcecode.swift; path = Reusable.swift; sourceTree = "<group>"; };
		7AED11832A80BD4100B0C960 /* SchoolsListVC+Search.swift */ = {isa = PBXFileReference; lastKnownFileType = sourcecode.swift; path = "SchoolsListVC+Search.swift"; sourceTree = "<group>"; };
		7AED11862A80C2F500B0C960 /* Debouncer.swift */ = {isa = PBXFileReference; lastKnownFileType = sourcecode.swift; path = Debouncer.swift; sourceTree = "<group>"; };
		7AED11882A80D6AA00B0C960 /* SchoolDetailsView+Collection .swift */ = {isa = PBXFileReference; lastKnownFileType = sourcecode.swift; path = "SchoolDetailsView+Collection .swift"; sourceTree = "<group>"; };
		7AED118A2A80D9F100B0C960 /* SchoolDetailsTitleCollectionViewCell.swift */ = {isa = PBXFileReference; lastKnownFileType = sourcecode.swift; path = SchoolDetailsTitleCollectionViewCell.swift; sourceTree = "<group>"; };
		7AED118C2A80DB9D00B0C960 /* SchoolDetailsSectionVM.swift */ = {isa = PBXFileReference; lastKnownFileType = sourcecode.swift; path = SchoolDetailsSectionVM.swift; sourceTree = "<group>"; };
		7AED118F2A80EC9C00B0C960 /* SchoolDetailsTextCollectionViewCell.swift */ = {isa = PBXFileReference; lastKnownFileType = sourcecode.swift; path = SchoolDetailsTextCollectionViewCell.swift; sourceTree = "<group>"; };
		7AED11912A80F79E00B0C960 /* SchoolDetailsSubtitleCollectionViewCell.swift */ = {isa = PBXFileReference; lastKnownFileType = sourcecode.swift; path = SchoolDetailsSubtitleCollectionViewCell.swift; sourceTree = "<group>"; };
		7AED11932A80F9DD00B0C960 /* SchoolDetailsTwoColumnCollectionViewCell.swift */ = {isa = PBXFileReference; lastKnownFileType = sourcecode.swift; path = SchoolDetailsTwoColumnCollectionViewCell.swift; sourceTree = "<group>"; };
/* End PBXFileReference section */

/* Begin PBXFrameworksBuildPhase section */
		7A163F2C2A7D6F3E009939C9 /* Frameworks */ = {
			isa = PBXFrameworksBuildPhase;
			buildActionMask = 2147483647;
			files = (
			);
			runOnlyForDeploymentPostprocessing = 0;
		};
		7A163F422A7D6F3F009939C9 /* Frameworks */ = {
			isa = PBXFrameworksBuildPhase;
			buildActionMask = 2147483647;
			files = (
			);
			runOnlyForDeploymentPostprocessing = 0;
		};
		7A163F4C2A7D6F3F009939C9 /* Frameworks */ = {
			isa = PBXFrameworksBuildPhase;
			buildActionMask = 2147483647;
			files = (
			);
			runOnlyForDeploymentPostprocessing = 0;
		};
/* End PBXFrameworksBuildPhase section */

/* Begin PBXGroup section */
		7A163F262A7D6F3E009939C9 = {
			isa = PBXGroup;
			children = (
				7A163F312A7D6F3E009939C9 /* 20230803-DS-NYCSchools */,
				7A163F482A7D6F3F009939C9 /* 20230803-DS-NYCSchoolsTests */,
				7A163F522A7D6F3F009939C9 /* 20230803-DS-NYCSchoolsUITests */,
				7A163F302A7D6F3E009939C9 /* Products */,
			);
			sourceTree = "<group>";
		};
		7A163F302A7D6F3E009939C9 /* Products */ = {
			isa = PBXGroup;
			children = (
				7A163F2F2A7D6F3E009939C9 /* 20230803-DS-NYCSchools.app */,
				7A163F452A7D6F3F009939C9 /* 20230803-DS-NYCSchoolsTests.xctest */,
				7A163F4F2A7D6F3F009939C9 /* 20230803-DS-NYCSchoolsUITests.xctest */,
			);
			name = Products;
			sourceTree = "<group>";
		};
		7A163F312A7D6F3E009939C9 /* 20230803-DS-NYCSchools */ = {
			isa = PBXGroup;
			children = (
				7A163F662A7D9048009939C9 /* Extensions */,
				7A163F6C2A7D91C9009939C9 /* Modules */,
				7A8019D12A7EF5BF0040C380 /* Services */,
				7A163F6E2A7D92BE009939C9 /* UI */,
				7AED11852A80C2E500B0C960 /* Utils */,
				7A163F322A7D6F3E009939C9 /* AppDelegate.swift */,
				7A163F622A7D88C7009939C9 /* ModuleBuilder.swift */,
				7A163F642A7D8AA8009939C9 /* Router.swift */,
				7A163F342A7D6F3E009939C9 /* SceneDelegate.swift */,
				7A163F3B2A7D6F3F009939C9 /* Assets.xcassets */,
				7A163F3D2A7D6F3F009939C9 /* LaunchScreen.storyboard */,
				7A163F402A7D6F3F009939C9 /* Info.plist */,
			);
			path = "20230803-DS-NYCSchools";
			sourceTree = "<group>";
		};
		7A163F482A7D6F3F009939C9 /* 20230803-DS-NYCSchoolsTests */ = {
			isa = PBXGroup;
			children = (
				7AC81FB72A811FC1000D2875 /* ModuleBuilderTest.swift */,
				7AC81FB52A811B6F000D2875 /* RouterTest.swift */,
				7AED11752A8094A300B0C960 /* SchoolDetailsVMTest.swift */,
				7A8019CF2A7EEF180040C380 /* SchoolsListVMTest.swift */,
			);
			path = "20230803-DS-NYCSchoolsTests";
			sourceTree = "<group>";
		};
		7A163F522A7D6F3F009939C9 /* 20230803-DS-NYCSchoolsUITests */ = {
			isa = PBXGroup;
			children = (
				7A163F532A7D6F3F009939C9 /* _0230803_DS_NYCSchoolsUITests.swift */,
				7A163F552A7D6F3F009939C9 /* _0230803_DS_NYCSchoolsUITestsLaunchTests.swift */,
			);
			path = "20230803-DS-NYCSchoolsUITests";
			sourceTree = "<group>";
		};
		7A163F662A7D9048009939C9 /* Extensions */ = {
			isa = PBXGroup;
			children = (
				7A163F672A7D9052009939C9 /* UIKit */,
				7AED11792A809C1A00B0C960 /* Reusable.swift */,
			);
			path = Extensions;
			sourceTree = "<group>";
		};
		7A163F672A7D9052009939C9 /* UIKit */ = {
			isa = PBXGroup;
			children = (
				7A163F682A7D907D009939C9 /* Constraints.swift */,
				7A163F6A2A7D90A3009939C9 /* UIView.swift */,
			);
			path = UIKit;
			sourceTree = "<group>";
		};
		7A163F6C2A7D91C9009939C9 /* Modules */ = {
			isa = PBXGroup;
			children = (
				7AED115C2A7F253300B0C960 /* SchoolDetails */,
				7A163F6D2A7D91DA009939C9 /* SchoolsList */,
			);
			path = Modules;
			sourceTree = "<group>";
		};
		7A163F6D2A7D91DA009939C9 /* SchoolsList */ = {
			isa = PBXGroup;
			children = (
				7A163F6F2A7D92DD009939C9 /* Model */,
				7A163F702A7D92EA009939C9 /* View */,
				7A163F712A7D92F6009939C9 /* ViewModel */,
			);
			path = SchoolsList;
			sourceTree = "<group>";
		};
		7A163F6E2A7D92BE009939C9 /* UI */ = {
			isa = PBXGroup;
			children = (
				7A8019C72A7ED0AC0040C380 /* IndicatorView.swift */,
				7A8019C92A7ED0E90040C380 /* LoadingView.swift */,
				7A8019CB2A7EE68A0040C380 /* EmptyView.swift */,
				7A8019CD2A7EE91B0040C380 /* ErrorView.swift */,
			);
			path = UI;
			sourceTree = "<group>";
		};
		7A163F6F2A7D92DD009939C9 /* Model */ = {
			isa = PBXGroup;
			children = (
				7A163F762A7EB5BF009939C9 /* School.swift */,
				7A163F7C2A7EC140009939C9 /* SchoolsListViewData.swift */,
			);
			path = Model;
			sourceTree = "<group>";
		};
		7A163F702A7D92EA009939C9 /* View */ = {
			isa = PBXGroup;
			children = (
				7A163F722A7EB55C009939C9 /* SchoolsListVC.swift */,
				7A163F782A7EBC4A009939C9 /* SchoolsListVC+Setup.swift */,
				7AED11832A80BD4100B0C960 /* SchoolsListVC+Search.swift */,
				7A163F7E2A7EC287009939C9 /* SchoolsListView.swift */,
				7A163F802A7EC88D009939C9 /* SchoolsListView+Setup.swift */,
				7A163F822A7EC963009939C9 /* SchoolsListView+TableView.swift */,
				7AED11772A809AEB00B0C960 /* SchoolsListView+Cell.swift */,
			);
			path = View;
			sourceTree = "<group>";
		};
		7A163F712A7D92F6009939C9 /* ViewModel */ = {
			isa = PBXGroup;
			children = (
				7A163F742A7EB569009939C9 /* SchoolsListVM.swift */,
				7A163F7A2A7EC0AE009939C9 /* SchoolsListCellVM.swift */,
			);
			path = ViewModel;
			sourceTree = "<group>";
		};
		7A8019D12A7EF5BF0040C380 /* Services */ = {
			isa = PBXGroup;
			children = (
				7AED11732A7F578600B0C960 /* SatService.swift */,
				7A8019D22A7EF5E90040C380 /* SchoolsService.swift */,
				7AED11712A7F528F00B0C960 /* Service.swift */,
			);
			path = Services;
			sourceTree = "<group>";
		};
		7AED115C2A7F253300B0C960 /* SchoolDetails */ = {
			isa = PBXGroup;
			children = (
				7AED115D2A7F254D00B0C960 /* Model */,
				7AED115E2A7F255200B0C960 /* View */,
				7AED115F2A7F255700B0C960 /* ViewModel */,
			);
			path = SchoolDetails;
			sourceTree = "<group>";
		};
		7AED115D2A7F254D00B0C960 /* Model */ = {
			isa = PBXGroup;
			children = (
				7AED116F2A7F36EA00B0C960 /* SatResult.swift */,
				7AED11662A7F2F9700B0C960 /* SchoolDetailsViewData.swift */,
			);
			path = Model;
			sourceTree = "<group>";
		};
		7AED115E2A7F255200B0C960 /* View */ = {
			isa = PBXGroup;
			children = (
				7AED118E2A80EC8000B0C960 /* Cells */,
				7AED11602A7F260800B0C960 /* SchoolDetailsVC.swift */,
				7AED11642A7F2D5800B0C960 /* SchoolDetailsVC+Setup.swift */,
				7AED11692A7F2FF900B0C960 /* SchoolDetailsView.swift */,
				7AED116D2A7F306300B0C960 /* SchoolDetailsView+Setup.swift */,
				7AED11882A80D6AA00B0C960 /* SchoolDetailsView+Collection .swift */,
			);
			path = View;
			sourceTree = "<group>";
		};
		7AED115F2A7F255700B0C960 /* ViewModel */ = {
			isa = PBXGroup;
			children = (
				7AED11622A7F266900B0C960 /* SchoolDetailsVM.swift */,
				7AED118C2A80DB9D00B0C960 /* SchoolDetailsSectionVM.swift */,
			);
			path = ViewModel;
			sourceTree = "<group>";
		};
		7AED11852A80C2E500B0C960 /* Utils */ = {
			isa = PBXGroup;
			children = (
				7AED11862A80C2F500B0C960 /* Debouncer.swift */,
			);
			path = Utils;
			sourceTree = "<group>";
		};
		7AED118E2A80EC8000B0C960 /* Cells */ = {
			isa = PBXGroup;
			children = (
				7AED118A2A80D9F100B0C960 /* SchoolDetailsTitleCollectionViewCell.swift */,
				7AED118F2A80EC9C00B0C960 /* SchoolDetailsTextCollectionViewCell.swift */,
				7AED11912A80F79E00B0C960 /* SchoolDetailsSubtitleCollectionViewCell.swift */,
				7AED11932A80F9DD00B0C960 /* SchoolDetailsTwoColumnCollectionViewCell.swift */,
				7A26BA392A819B60009144A6 /* SchoolDetailsMapCollectionViewCell.swift */,
			);
			path = Cells;
			sourceTree = "<group>";
		};
/* End PBXGroup section */

/* Begin PBXNativeTarget section */
		7A163F2E2A7D6F3E009939C9 /* 20230803-DS-NYCSchools */ = {
			isa = PBXNativeTarget;
			buildConfigurationList = 7A163F592A7D6F3F009939C9 /* Build configuration list for PBXNativeTarget "20230803-DS-NYCSchools" */;
			buildPhases = (
				7A163F2B2A7D6F3E009939C9 /* Sources */,
				7A163F2C2A7D6F3E009939C9 /* Frameworks */,
				7A163F2D2A7D6F3E009939C9 /* Resources */,
			);
			buildRules = (
			);
			dependencies = (
			);
			name = "20230803-DS-NYCSchools";
			productName = "20230803-DS-NYCSchools";
			productReference = 7A163F2F2A7D6F3E009939C9 /* 20230803-DS-NYCSchools.app */;
			productType = "com.apple.product-type.application";
		};
		7A163F442A7D6F3F009939C9 /* 20230803-DS-NYCSchoolsTests */ = {
			isa = PBXNativeTarget;
			buildConfigurationList = 7A163F5C2A7D6F3F009939C9 /* Build configuration list for PBXNativeTarget "20230803-DS-NYCSchoolsTests" */;
			buildPhases = (
				7A163F412A7D6F3F009939C9 /* Sources */,
				7A163F422A7D6F3F009939C9 /* Frameworks */,
				7A163F432A7D6F3F009939C9 /* Resources */,
			);
			buildRules = (
			);
			dependencies = (
				7A163F472A7D6F3F009939C9 /* PBXTargetDependency */,
			);
			name = "20230803-DS-NYCSchoolsTests";
			productName = "20230803-DS-NYCSchoolsTests";
			productReference = 7A163F452A7D6F3F009939C9 /* 20230803-DS-NYCSchoolsTests.xctest */;
			productType = "com.apple.product-type.bundle.unit-test";
		};
		7A163F4E2A7D6F3F009939C9 /* 20230803-DS-NYCSchoolsUITests */ = {
			isa = PBXNativeTarget;
			buildConfigurationList = 7A163F5F2A7D6F3F009939C9 /* Build configuration list for PBXNativeTarget "20230803-DS-NYCSchoolsUITests" */;
			buildPhases = (
				7A163F4B2A7D6F3F009939C9 /* Sources */,
				7A163F4C2A7D6F3F009939C9 /* Frameworks */,
				7A163F4D2A7D6F3F009939C9 /* Resources */,
			);
			buildRules = (
			);
			dependencies = (
				7A163F512A7D6F3F009939C9 /* PBXTargetDependency */,
			);
			name = "20230803-DS-NYCSchoolsUITests";
			productName = "20230803-DS-NYCSchoolsUITests";
			productReference = 7A163F4F2A7D6F3F009939C9 /* 20230803-DS-NYCSchoolsUITests.xctest */;
			productType = "com.apple.product-type.bundle.ui-testing";
		};
/* End PBXNativeTarget section */

/* Begin PBXProject section */
		7A163F272A7D6F3E009939C9 /* Project object */ = {
			isa = PBXProject;
			attributes = {
				BuildIndependentTargetsInParallel = 1;
				LastSwiftUpdateCheck = 1430;
				LastUpgradeCheck = 1430;
				TargetAttributes = {
					7A163F2E2A7D6F3E009939C9 = {
						CreatedOnToolsVersion = 14.3.1;
					};
					7A163F442A7D6F3F009939C9 = {
						CreatedOnToolsVersion = 14.3.1;
						TestTargetID = 7A163F2E2A7D6F3E009939C9;
					};
					7A163F4E2A7D6F3F009939C9 = {
						CreatedOnToolsVersion = 14.3.1;
						TestTargetID = 7A163F2E2A7D6F3E009939C9;
					};
				};
			};
			buildConfigurationList = 7A163F2A2A7D6F3E009939C9 /* Build configuration list for PBXProject "20230803-DS-NYCSchools" */;
			compatibilityVersion = "Xcode 14.0";
			developmentRegion = en;
			hasScannedForEncodings = 0;
			knownRegions = (
				en,
				Base,
			);
			mainGroup = 7A163F262A7D6F3E009939C9;
			productRefGroup = 7A163F302A7D6F3E009939C9 /* Products */;
			projectDirPath = "";
			projectRoot = "";
			targets = (
				7A163F2E2A7D6F3E009939C9 /* 20230803-DS-NYCSchools */,
				7A163F442A7D6F3F009939C9 /* 20230803-DS-NYCSchoolsTests */,
				7A163F4E2A7D6F3F009939C9 /* 20230803-DS-NYCSchoolsUITests */,
			);
		};
/* End PBXProject section */

/* Begin PBXResourcesBuildPhase section */
		7A163F2D2A7D6F3E009939C9 /* Resources */ = {
			isa = PBXResourcesBuildPhase;
			buildActionMask = 2147483647;
			files = (
				7A163F3F2A7D6F3F009939C9 /* LaunchScreen.storyboard in Resources */,
				7A163F3C2A7D6F3F009939C9 /* Assets.xcassets in Resources */,
			);
			runOnlyForDeploymentPostprocessing = 0;
		};
		7A163F432A7D6F3F009939C9 /* Resources */ = {
			isa = PBXResourcesBuildPhase;
			buildActionMask = 2147483647;
			files = (
			);
			runOnlyForDeploymentPostprocessing = 0;
		};
		7A163F4D2A7D6F3F009939C9 /* Resources */ = {
			isa = PBXResourcesBuildPhase;
			buildActionMask = 2147483647;
			files = (
			);
			runOnlyForDeploymentPostprocessing = 0;
		};
/* End PBXResourcesBuildPhase section */

/* Begin PBXSourcesBuildPhase section */
		7A163F2B2A7D6F3E009939C9 /* Sources */ = {
			isa = PBXSourcesBuildPhase;
			buildActionMask = 2147483647;
			files = (
				7A163F7D2A7EC140009939C9 /* SchoolsListViewData.swift in Sources */,
				7AED11902A80EC9C00B0C960 /* SchoolDetailsTextCollectionViewCell.swift in Sources */,
				7A163F792A7EBC4A009939C9 /* SchoolsListVC+Setup.swift in Sources */,
				7A8019CE2A7EE91B0040C380 /* ErrorView.swift in Sources */,
				7AED11782A809AEB00B0C960 /* SchoolsListView+Cell.swift in Sources */,
				7A163F812A7EC88D009939C9 /* SchoolsListView+Setup.swift in Sources */,
				7A163F332A7D6F3E009939C9 /* AppDelegate.swift in Sources */,
				7AED11702A7F36EA00B0C960 /* SatResult.swift in Sources */,
				7A8019CA2A7ED0E90040C380 /* LoadingView.swift in Sources */,
				7A163F652A7D8AA8009939C9 /* Router.swift in Sources */,
				7AED118B2A80D9F100B0C960 /* SchoolDetailsTitleCollectionViewCell.swift in Sources */,
				7AED11632A7F266900B0C960 /* SchoolDetailsVM.swift in Sources */,
				7A8019C82A7ED0AC0040C380 /* IndicatorView.swift in Sources */,
				7AED11672A7F2F9700B0C960 /* SchoolDetailsViewData.swift in Sources */,
				7A163F772A7EB5BF009939C9 /* School.swift in Sources */,
				7AED11722A7F528F00B0C960 /* Service.swift in Sources */,
				7A163F6B2A7D90A3009939C9 /* UIView.swift in Sources */,
				7A163F352A7D6F3E009939C9 /* SceneDelegate.swift in Sources */,
				7A8019CC2A7EE68A0040C380 /* EmptyView.swift in Sources */,
				7A163F692A7D907D009939C9 /* Constraints.swift in Sources */,
				7AED11612A7F260800B0C960 /* SchoolDetailsVC.swift in Sources */,
				7AED11942A80F9DD00B0C960 /* SchoolDetailsTwoColumnCollectionViewCell.swift in Sources */,
				7A26BA3A2A819B60009144A6 /* SchoolDetailsMapCollectionViewCell.swift in Sources */,
				7AED11922A80F79E00B0C960 /* SchoolDetailsSubtitleCollectionViewCell.swift in Sources */,
				7A163F7B2A7EC0AE009939C9 /* SchoolsListCellVM.swift in Sources */,
				7A163F732A7EB55C009939C9 /* SchoolsListVC.swift in Sources */,
				7AED11872A80C2F500B0C960 /* Debouncer.swift in Sources */,
				7AED118D2A80DB9D00B0C960 /* SchoolDetailsSectionVM.swift in Sources */,
				7AED11652A7F2D5800B0C960 /* SchoolDetailsVC+Setup.swift in Sources */,
				7AED11742A7F578600B0C960 /* SatService.swift in Sources */,
				7AED116A2A7F2FF900B0C960 /* SchoolDetailsView.swift in Sources */,
				7A163F7F2A7EC287009939C9 /* SchoolsListView.swift in Sources */,
				7A163F832A7EC963009939C9 /* SchoolsListView+TableView.swift in Sources */,
				7AED116E2A7F306300B0C960 /* SchoolDetailsView+Setup.swift in Sources */,
				7AED117A2A809C1A00B0C960 /* Reusable.swift in Sources */,
				7A163F632A7D88C7009939C9 /* ModuleBuilder.swift in Sources */,
				7A163F752A7EB569009939C9 /* SchoolsListVM.swift in Sources */,
				7A8019D32A7EF5E90040C380 /* SchoolsService.swift in Sources */,
				7AED11892A80D6AA00B0C960 /* SchoolDetailsView+Collection .swift in Sources */,
				7AED11842A80BD4100B0C960 /* SchoolsListVC+Search.swift in Sources */,
			);
			runOnlyForDeploymentPostprocessing = 0;
		};
		7A163F412A7D6F3F009939C9 /* Sources */ = {
			isa = PBXSourcesBuildPhase;
			buildActionMask = 2147483647;
			files = (
				7A8019D02A7EEF180040C380 /* SchoolsListVMTest.swift in Sources */,
				7AC81FB62A811B6F000D2875 /* RouterTest.swift in Sources */,
				7AED11762A8094A300B0C960 /* SchoolDetailsVMTest.swift in Sources */,
				7AC81FB82A811FC1000D2875 /* ModuleBuilderTest.swift in Sources */,
			);
			runOnlyForDeploymentPostprocessing = 0;
		};
		7A163F4B2A7D6F3F009939C9 /* Sources */ = {
			isa = PBXSourcesBuildPhase;
			buildActionMask = 2147483647;
			files = (
				7A163F542A7D6F3F009939C9 /* _0230803_DS_NYCSchoolsUITests.swift in Sources */,
				7A163F562A7D6F3F009939C9 /* _0230803_DS_NYCSchoolsUITestsLaunchTests.swift in Sources */,
			);
			runOnlyForDeploymentPostprocessing = 0;
		};
/* End PBXSourcesBuildPhase section */

/* Begin PBXTargetDependency section */
		7A163F472A7D6F3F009939C9 /* PBXTargetDependency */ = {
			isa = PBXTargetDependency;
			target = 7A163F2E2A7D6F3E009939C9 /* 20230803-DS-NYCSchools */;
			targetProxy = 7A163F462A7D6F3F009939C9 /* PBXContainerItemProxy */;
		};
		7A163F512A7D6F3F009939C9 /* PBXTargetDependency */ = {
			isa = PBXTargetDependency;
			target = 7A163F2E2A7D6F3E009939C9 /* 20230803-DS-NYCSchools */;
			targetProxy = 7A163F502A7D6F3F009939C9 /* PBXContainerItemProxy */;
		};
/* End PBXTargetDependency section */

/* Begin PBXVariantGroup section */
		7A163F3D2A7D6F3F009939C9 /* LaunchScreen.storyboard */ = {
			isa = PBXVariantGroup;
			children = (
				7A163F3E2A7D6F3F009939C9 /* Base */,
			);
			name = LaunchScreen.storyboard;
			sourceTree = "<group>";
		};
/* End PBXVariantGroup section */

/* Begin XCBuildConfiguration section */
		7A163F572A7D6F3F009939C9 /* Debug */ = {
			isa = XCBuildConfiguration;
			buildSettings = {
				ALWAYS_SEARCH_USER_PATHS = NO;
				CLANG_ANALYZER_NONNULL = YES;
				CLANG_ANALYZER_NUMBER_OBJECT_CONVERSION = YES_AGGRESSIVE;
				CLANG_CXX_LANGUAGE_STANDARD = "gnu++20";
				CLANG_ENABLE_MODULES = YES;
				CLANG_ENABLE_OBJC_ARC = YES;
				CLANG_ENABLE_OBJC_WEAK = YES;
				CLANG_WARN_BLOCK_CAPTURE_AUTORELEASING = YES;
				CLANG_WARN_BOOL_CONVERSION = YES;
				CLANG_WARN_COMMA = YES;
				CLANG_WARN_CONSTANT_CONVERSION = YES;
				CLANG_WARN_DEPRECATED_OBJC_IMPLEMENTATIONS = YES;
				CLANG_WARN_DIRECT_OBJC_ISA_USAGE = YES_ERROR;
				CLANG_WARN_DOCUMENTATION_COMMENTS = YES;
				CLANG_WARN_EMPTY_BODY = YES;
				CLANG_WARN_ENUM_CONVERSION = YES;
				CLANG_WARN_INFINITE_RECURSION = YES;
				CLANG_WARN_INT_CONVERSION = YES;
				CLANG_WARN_NON_LITERAL_NULL_CONVERSION = YES;
				CLANG_WARN_OBJC_IMPLICIT_RETAIN_SELF = YES;
				CLANG_WARN_OBJC_LITERAL_CONVERSION = YES;
				CLANG_WARN_OBJC_ROOT_CLASS = YES_ERROR;
				CLANG_WARN_QUOTED_INCLUDE_IN_FRAMEWORK_HEADER = YES;
				CLANG_WARN_RANGE_LOOP_ANALYSIS = YES;
				CLANG_WARN_STRICT_PROTOTYPES = YES;
				CLANG_WARN_SUSPICIOUS_MOVE = YES;
				CLANG_WARN_UNGUARDED_AVAILABILITY = YES_AGGRESSIVE;
				CLANG_WARN_UNREACHABLE_CODE = YES;
				CLANG_WARN__DUPLICATE_METHOD_MATCH = YES;
				COPY_PHASE_STRIP = NO;
				DEBUG_INFORMATION_FORMAT = dwarf;
				ENABLE_STRICT_OBJC_MSGSEND = YES;
				ENABLE_TESTABILITY = YES;
				GCC_C_LANGUAGE_STANDARD = gnu11;
				GCC_DYNAMIC_NO_PIC = NO;
				GCC_NO_COMMON_BLOCKS = YES;
				GCC_OPTIMIZATION_LEVEL = 0;
				GCC_PREPROCESSOR_DEFINITIONS = (
					"DEBUG=1",
					"$(inherited)",
				);
				GCC_WARN_64_TO_32_BIT_CONVERSION = YES;
				GCC_WARN_ABOUT_RETURN_TYPE = YES_ERROR;
				GCC_WARN_UNDECLARED_SELECTOR = YES;
				GCC_WARN_UNINITIALIZED_AUTOS = YES_AGGRESSIVE;
				GCC_WARN_UNUSED_FUNCTION = YES;
				GCC_WARN_UNUSED_VARIABLE = YES;
				IPHONEOS_DEPLOYMENT_TARGET = 16.0;
				MTL_ENABLE_DEBUG_INFO = INCLUDE_SOURCE;
				MTL_FAST_MATH = YES;
				ONLY_ACTIVE_ARCH = YES;
				SDKROOT = iphoneos;
				SWIFT_ACTIVE_COMPILATION_CONDITIONS = DEBUG;
				SWIFT_OPTIMIZATION_LEVEL = "-Onone";
			};
			name = Debug;
		};
		7A163F582A7D6F3F009939C9 /* Release */ = {
			isa = XCBuildConfiguration;
			buildSettings = {
				ALWAYS_SEARCH_USER_PATHS = NO;
				CLANG_ANALYZER_NONNULL = YES;
				CLANG_ANALYZER_NUMBER_OBJECT_CONVERSION = YES_AGGRESSIVE;
				CLANG_CXX_LANGUAGE_STANDARD = "gnu++20";
				CLANG_ENABLE_MODULES = YES;
				CLANG_ENABLE_OBJC_ARC = YES;
				CLANG_ENABLE_OBJC_WEAK = YES;
				CLANG_WARN_BLOCK_CAPTURE_AUTORELEASING = YES;
				CLANG_WARN_BOOL_CONVERSION = YES;
				CLANG_WARN_COMMA = YES;
				CLANG_WARN_CONSTANT_CONVERSION = YES;
				CLANG_WARN_DEPRECATED_OBJC_IMPLEMENTATIONS = YES;
				CLANG_WARN_DIRECT_OBJC_ISA_USAGE = YES_ERROR;
				CLANG_WARN_DOCUMENTATION_COMMENTS = YES;
				CLANG_WARN_EMPTY_BODY = YES;
				CLANG_WARN_ENUM_CONVERSION = YES;
				CLANG_WARN_INFINITE_RECURSION = YES;
				CLANG_WARN_INT_CONVERSION = YES;
				CLANG_WARN_NON_LITERAL_NULL_CONVERSION = YES;
				CLANG_WARN_OBJC_IMPLICIT_RETAIN_SELF = YES;
				CLANG_WARN_OBJC_LITERAL_CONVERSION = YES;
				CLANG_WARN_OBJC_ROOT_CLASS = YES_ERROR;
				CLANG_WARN_QUOTED_INCLUDE_IN_FRAMEWORK_HEADER = YES;
				CLANG_WARN_RANGE_LOOP_ANALYSIS = YES;
				CLANG_WARN_STRICT_PROTOTYPES = YES;
				CLANG_WARN_SUSPICIOUS_MOVE = YES;
				CLANG_WARN_UNGUARDED_AVAILABILITY = YES_AGGRESSIVE;
				CLANG_WARN_UNREACHABLE_CODE = YES;
				CLANG_WARN__DUPLICATE_METHOD_MATCH = YES;
				COPY_PHASE_STRIP = NO;
				DEBUG_INFORMATION_FORMAT = "dwarf-with-dsym";
				ENABLE_NS_ASSERTIONS = NO;
				ENABLE_STRICT_OBJC_MSGSEND = YES;
				GCC_C_LANGUAGE_STANDARD = gnu11;
				GCC_NO_COMMON_BLOCKS = YES;
				GCC_WARN_64_TO_32_BIT_CONVERSION = YES;
				GCC_WARN_ABOUT_RETURN_TYPE = YES_ERROR;
				GCC_WARN_UNDECLARED_SELECTOR = YES;
				GCC_WARN_UNINITIALIZED_AUTOS = YES_AGGRESSIVE;
				GCC_WARN_UNUSED_FUNCTION = YES;
				GCC_WARN_UNUSED_VARIABLE = YES;
				IPHONEOS_DEPLOYMENT_TARGET = 16.0;
				MTL_ENABLE_DEBUG_INFO = NO;
				MTL_FAST_MATH = YES;
				SDKROOT = iphoneos;
				SWIFT_COMPILATION_MODE = wholemodule;
				SWIFT_OPTIMIZATION_LEVEL = "-O";
				VALIDATE_PRODUCT = YES;
			};
			name = Release;
		};
		7A163F5A2A7D6F3F009939C9 /* Debug */ = {
			isa = XCBuildConfiguration;
			buildSettings = {
				ASSETCATALOG_COMPILER_APPICON_NAME = AppIcon;
				ASSETCATALOG_COMPILER_GLOBAL_ACCENT_COLOR_NAME = AccentColor;
				CODE_SIGN_STYLE = Automatic;
				CURRENT_PROJECT_VERSION = 1;
				DEVELOPMENT_TEAM = PBTBVGQPFL;
				GENERATE_INFOPLIST_FILE = YES;
				INFOPLIST_FILE = "20230803-DS-NYCSchools/Info.plist";
				INFOPLIST_KEY_CFBundleDisplayName = "NYC Schools";
				INFOPLIST_KEY_UIApplicationSupportsIndirectInputEvents = YES;
				INFOPLIST_KEY_UILaunchStoryboardName = LaunchScreen;
				INFOPLIST_KEY_UISupportedInterfaceOrientations_iPad = "UIInterfaceOrientationPortrait UIInterfaceOrientationPortraitUpsideDown UIInterfaceOrientationLandscapeLeft UIInterfaceOrientationLandscapeRight";
				INFOPLIST_KEY_UISupportedInterfaceOrientations_iPhone = "UIInterfaceOrientationPortrait UIInterfaceOrientationLandscapeLeft UIInterfaceOrientationLandscapeRight";
				IPHONEOS_DEPLOYMENT_TARGET = 16.0;
				LD_RUNPATH_SEARCH_PATHS = (
					"$(inherited)",
					"@executable_path/Frameworks",
				);
				MARKETING_VERSION = 1.0;
				PRODUCT_BUNDLE_IDENTIFIER = "org.dimko.-0230803-DS-NYCSchools";
				PRODUCT_NAME = "$(TARGET_NAME)";
				SWIFT_EMIT_LOC_STRINGS = YES;
				SWIFT_VERSION = 5.0;
				TARGETED_DEVICE_FAMILY = "1,2";
			};
			name = Debug;
		};
		7A163F5B2A7D6F3F009939C9 /* Release */ = {
			isa = XCBuildConfiguration;
			buildSettings = {
				ASSETCATALOG_COMPILER_APPICON_NAME = AppIcon;
				ASSETCATALOG_COMPILER_GLOBAL_ACCENT_COLOR_NAME = AccentColor;
				CODE_SIGN_STYLE = Automatic;
				CURRENT_PROJECT_VERSION = 1;
				DEVELOPMENT_TEAM = PBTBVGQPFL;
				GENERATE_INFOPLIST_FILE = YES;
				INFOPLIST_FILE = "20230803-DS-NYCSchools/Info.plist";
				INFOPLIST_KEY_CFBundleDisplayName = "NYC Schools";
				INFOPLIST_KEY_UIApplicationSupportsIndirectInputEvents = YES;
				INFOPLIST_KEY_UILaunchStoryboardName = LaunchScreen;
				INFOPLIST_KEY_UISupportedInterfaceOrientations_iPad = "UIInterfaceOrientationPortrait UIInterfaceOrientationPortraitUpsideDown UIInterfaceOrientationLandscapeLeft UIInterfaceOrientationLandscapeRight";
				INFOPLIST_KEY_UISupportedInterfaceOrientations_iPhone = "UIInterfaceOrientationPortrait UIInterfaceOrientationLandscapeLeft UIInterfaceOrientationLandscapeRight";
				IPHONEOS_DEPLOYMENT_TARGET = 16.0;
				LD_RUNPATH_SEARCH_PATHS = (
					"$(inherited)",
					"@executable_path/Frameworks",
				);
				MARKETING_VERSION = 1.0;
				PRODUCT_BUNDLE_IDENTIFIER = "org.dimko.-0230803-DS-NYCSchools";
				PRODUCT_NAME = "$(TARGET_NAME)";
				SWIFT_EMIT_LOC_STRINGS = YES;
				SWIFT_VERSION = 5.0;
				TARGETED_DEVICE_FAMILY = "1,2";
			};
			name = Release;
		};
		7A163F5D2A7D6F3F009939C9 /* Debug */ = {
			isa = XCBuildConfiguration;
			buildSettings = {
				ALWAYS_EMBED_SWIFT_STANDARD_LIBRARIES = YES;
				BUNDLE_LOADER = "$(TEST_HOST)";
				CODE_SIGN_STYLE = Automatic;
				CURRENT_PROJECT_VERSION = 1;
				DEVELOPMENT_TEAM = PBTBVGQPFL;
				GENERATE_INFOPLIST_FILE = YES;
				IPHONEOS_DEPLOYMENT_TARGET = 16.0;
				MARKETING_VERSION = 1.0;
				PRODUCT_BUNDLE_IDENTIFIER = "org.dimko.-0230803-DS-NYCSchoolsTests";
				PRODUCT_NAME = "$(TARGET_NAME)";
				SWIFT_EMIT_LOC_STRINGS = NO;
				SWIFT_VERSION = 5.0;
				TARGETED_DEVICE_FAMILY = "1,2";
				TEST_HOST = "$(BUILT_PRODUCTS_DIR)/20230803-DS-NYCSchools.app/$(BUNDLE_EXECUTABLE_FOLDER_PATH)/20230803-DS-NYCSchools";
			};
			name = Debug;
		};
		7A163F5E2A7D6F3F009939C9 /* Release */ = {
			isa = XCBuildConfiguration;
			buildSettings = {
				ALWAYS_EMBED_SWIFT_STANDARD_LIBRARIES = YES;
				BUNDLE_LOADER = "$(TEST_HOST)";
				CODE_SIGN_STYLE = Automatic;
				CURRENT_PROJECT_VERSION = 1;
				DEVELOPMENT_TEAM = PBTBVGQPFL;
				GENERATE_INFOPLIST_FILE = YES;
				IPHONEOS_DEPLOYMENT_TARGET = 16.0;
				MARKETING_VERSION = 1.0;
				PRODUCT_BUNDLE_IDENTIFIER = "org.dimko.-0230803-DS-NYCSchoolsTests";
				PRODUCT_NAME = "$(TARGET_NAME)";
				SWIFT_EMIT_LOC_STRINGS = NO;
				SWIFT_VERSION = 5.0;
				TARGETED_DEVICE_FAMILY = "1,2";
				TEST_HOST = "$(BUILT_PRODUCTS_DIR)/20230803-DS-NYCSchools.app/$(BUNDLE_EXECUTABLE_FOLDER_PATH)/20230803-DS-NYCSchools";
			};
			name = Release;
		};
		7A163F602A7D6F3F009939C9 /* Debug */ = {
			isa = XCBuildConfiguration;
			buildSettings = {
				ALWAYS_EMBED_SWIFT_STANDARD_LIBRARIES = YES;
				CODE_SIGN_STYLE = Automatic;
				CURRENT_PROJECT_VERSION = 1;
				DEVELOPMENT_TEAM = PBTBVGQPFL;
				GENERATE_INFOPLIST_FILE = YES;
				IPHONEOS_DEPLOYMENT_TARGET = 16.0;
				MARKETING_VERSION = 1.0;
				PRODUCT_BUNDLE_IDENTIFIER = "org.dimko.-0230803-DS-NYCSchoolsUITests";
				PRODUCT_NAME = "$(TARGET_NAME)";
				SWIFT_EMIT_LOC_STRINGS = NO;
				SWIFT_VERSION = 5.0;
				TARGETED_DEVICE_FAMILY = "1,2";
				TEST_TARGET_NAME = "20230803-DS-NYCSchools";
			};
			name = Debug;
		};
		7A163F612A7D6F3F009939C9 /* Release */ = {
			isa = XCBuildConfiguration;
			buildSettings = {
				ALWAYS_EMBED_SWIFT_STANDARD_LIBRARIES = YES;
				CODE_SIGN_STYLE = Automatic;
				CURRENT_PROJECT_VERSION = 1;
				DEVELOPMENT_TEAM = PBTBVGQPFL;
				GENERATE_INFOPLIST_FILE = YES;
				IPHONEOS_DEPLOYMENT_TARGET = 16.0;
				MARKETING_VERSION = 1.0;
				PRODUCT_BUNDLE_IDENTIFIER = "org.dimko.-0230803-DS-NYCSchoolsUITests";
				PRODUCT_NAME = "$(TARGET_NAME)";
				SWIFT_EMIT_LOC_STRINGS = NO;
				SWIFT_VERSION = 5.0;
				TARGETED_DEVICE_FAMILY = "1,2";
				TEST_TARGET_NAME = "20230803-DS-NYCSchools";
			};
			name = Release;
		};
/* End XCBuildConfiguration section */

/* Begin XCConfigurationList section */
		7A163F2A2A7D6F3E009939C9 /* Build configuration list for PBXProject "20230803-DS-NYCSchools" */ = {
			isa = XCConfigurationList;
			buildConfigurations = (
				7A163F572A7D6F3F009939C9 /* Debug */,
				7A163F582A7D6F3F009939C9 /* Release */,
			);
			defaultConfigurationIsVisible = 0;
			defaultConfigurationName = Release;
		};
		7A163F592A7D6F3F009939C9 /* Build configuration list for PBXNativeTarget "20230803-DS-NYCSchools" */ = {
			isa = XCConfigurationList;
			buildConfigurations = (
				7A163F5A2A7D6F3F009939C9 /* Debug */,
				7A163F5B2A7D6F3F009939C9 /* Release */,
			);
			defaultConfigurationIsVisible = 0;
			defaultConfigurationName = Release;
		};
		7A163F5C2A7D6F3F009939C9 /* Build configuration list for PBXNativeTarget "20230803-DS-NYCSchoolsTests" */ = {
			isa = XCConfigurationList;
			buildConfigurations = (
				7A163F5D2A7D6F3F009939C9 /* Debug */,
				7A163F5E2A7D6F3F009939C9 /* Release */,
			);
			defaultConfigurationIsVisible = 0;
			defaultConfigurationName = Release;
		};
		7A163F5F2A7D6F3F009939C9 /* Build configuration list for PBXNativeTarget "20230803-DS-NYCSchoolsUITests" */ = {
			isa = XCConfigurationList;
			buildConfigurations = (
				7A163F602A7D6F3F009939C9 /* Debug */,
				7A163F612A7D6F3F009939C9 /* Release */,
			);
			defaultConfigurationIsVisible = 0;
			defaultConfigurationName = Release;
		};
/* End XCConfigurationList section */
	};
	rootObject = 7A163F272A7D6F3E009939C9 /* Project object */;
}
